
Microsoft Visual Studio Solution File, Format Version 12.00
# Visual Studio Version 16
VisualStudioVersion = 16.0.30011.22
MinimumVisualStudioVersion = 10.0.40219.1
Project("{FAE04EC0-301F-11D3-BF4B-00C04F79EFBC}") = "ManacherAlgo", "ManacherAlgo\ManacherAlgo.csproj", "{5B9D1E58-F4B5-46D7-9FBF-A1B4D1AE86AB}"
EndProject
Global
	GlobalSection(SolutionConfigurationPlatforms) = preSolution
		Debug|Any CPU = Debug|Any CPU
		Release|Any CPU = Release|Any CPU
	EndGlobalSection
	GlobalSection(ProjectConfigurationPlatforms) = postSolution
		{5B9D1E58-F4B5-46D7-9FBF-A1B4D1AE86AB}.Debug|Any CPU.ActiveCfg = Debug|Any CPU
		{5B9D1E58-F4B5-46D7-9FBF-A1B4D1AE86AB}.Debug|Any CPU.Build.0 = Debug|Any CPU
		{5B9D1E58-F4B5-46D7-9FBF-A1B4D1AE86AB}.Release|Any CPU.ActiveCfg = Release|Any CPU
		{5B9D1E58-F4B5-46D7-9FBF-A1B4D1AE86AB}.Release|Any CPU.Build.0 = Release|Any CPU
	EndGlobalSection
	GlobalSection(SolutionProperties) = preSolution
		HideSolutionNode = FALSE
	EndGlobalSection
	GlobalSection(ExtensibilityGlobals) = postSolution
		SolutionGuid = {E0AF7BAD-FD3F-45FB-AB22-3FA210FE0410}
	EndGlobalSection
EndGlobal
